{
  "name": "test",
  "version": "1.0.0",
  "lockfileVersion": 3,
  "requires": true,
  "packages": {
    "": {
      "name": "test",
      "version": "1.0.0",
      "license": "MIT",
      "dependencies": {
        "port_agent": "file:.."
      },
      "devDependencies": {
        "typescript": "^5.1.6"
      }
    },
    "..": {
      "version": "1.1.1",
      "license": "MIT",
      "devDependencies": {
        "@types/node": "^20.3.1",
        "@typescript-eslint/eslint-plugin": "^6.0.0",
        "@typescript-eslint/parser": "^6.0.0",
        "eslint": "^8.44.0",
        "nodemon": "^2.0.22",
        "typescript": "^5.1.6"
      }
    },
    "../../../.nvm/versions/node/v20.3.0/lib/node_modules/agent": {
      "version": "0.2.1",
      "extraneous": true,
      "dependencies": {
        "mout": "~0.9.0",
        "prime": "~0.4.0"
      },
      "devDependencies": {
        "expect.js": "0",
        "express": "3",
        "mocha": "1",
        "wrapup": "0.9"
      }
    },
    "node_modules/port_agent": {
      "resolved": "..",
      "link": true
    },
    "node_modules/typescript": {
      "version": "5.1.6",
      "resolved": "https://registry.npmjs.org/typescript/-/typescript-5.1.6.tgz",
      "integrity": "sha512-zaWCozRZ6DLEWAWFrVDz1H6FVXzUSfTy5FUMWsQlU8Ym5JP9eO4xkTIROFCQvhQf61z6O/G6ugw3SgAnvvm+HA==",
      "dev": true,
      "bin": {
        "tsc": "bin/tsc",
        "tsserver": "bin/tsserver"
      },
      "engines": {
        "node": ">=14.17"
      }
    }
  }
}
